
Microsoft Visual Studio Solution File, Format Version 12.00
# Visual Studio Version 17
VisualStudioVersion = 17.11.35312.102
MinimumVisualStudioVersion = 10.0.40219.1
Project("{FAE04EC0-301F-11D3-BF4B-00C04F79EFBC}") = "Практическая Работа 8.1 РКИС", "Практическая Работа 8.1 РКИС.csproj", "{774C27C8-C5A2-4269-80F3-9FB0FD7FF56C}"
EndProject
Global
	GlobalSection(SolutionConfigurationPlatforms) = preSolution
		Debug|Any CPU = Debug|Any CPU
		Release|Any CPU = Release|Any CPU
	EndGlobalSection
	GlobalSection(ProjectConfigurationPlatforms) = postSolution
		{774C27C8-C5A2-4269-80F3-9FB0FD7FF56C}.Debug|Any CPU.ActiveCfg = Debug|Any CPU
		{774C27C8-C5A2-4269-80F3-9FB0FD7FF56C}.Debug|Any CPU.Build.0 = Debug|Any CPU
		{774C27C8-C5A2-4269-80F3-9FB0FD7FF56C}.Release|Any CPU.ActiveCfg = Release|Any CPU
		{774C27C8-C5A2-4269-80F3-9FB0FD7FF56C}.Release|Any CPU.Build.0 = Release|Any CPU
	EndGlobalSection
	GlobalSection(SolutionProperties) = preSolution
		HideSolutionNode = FALSE
	EndGlobalSection
	GlobalSection(ExtensibilityGlobals) = postSolution
		SolutionGuid = {8EE4F58D-673C-4C7C-B072-A297389344A8}
	EndGlobalSection
EndGlobal
